
Microsoft Visual Studio Solution File, Format Version 12.00
# Visual Studio Version 17
VisualStudioVersion = 17.13.35931.197
MinimumVisualStudioVersion = 10.0.40219.1
Project("{FAE04EC0-301F-11D3-BF4B-00C04F79EFBC}") = "CommandR", "CommandR\CommandR.csproj", "{0262B9F3-D7BA-EBDF-DB10-A99842C0F080}"
EndProject
Project("{FAE04EC0-301F-11D3-BF4B-00C04F79EFBC}") = "CommandR.Pwsh", "CommandR.Pwsh\CommandR.Pwsh.csproj", "{040FC0E6-D53F-426F-6A9D-58774F7C6E6D}"
EndProject
Project("{FAE04EC0-301F-11D3-BF4B-00C04F79EFBC}") = "CommandR.Mcp.StdIO", "CommandR.Mcp.StdIO\CommandR.Mcp.StdIO.csproj", "{75894BEF-AC0F-4289-AABC-F28803C248D7}"
EndProject
Project("{FAE04EC0-301F-11D3-BF4B-00C04F79EFBC}") = "CommandR.Mcp.Http", "CommandR.Mcp.Http\CommandR.Mcp.Http.csproj", "{DD984613-0AD0-ACCE-CA02-CE05290AAF0B}"
EndProject
Project("{FAE04EC0-301F-11D3-BF4B-00C04F79EFBC}") = "CommandR.Mcp", "CommandR.Mcp\CommandR.Mcp.csproj", "{934E88EF-582A-C94E-CE60-C1886AE5F15A}"
EndProject
Global
	GlobalSection(SolutionConfigurationPlatforms) = preSolution
		Debug|Any CPU = Debug|Any CPU
		Release|Any CPU = Release|Any CPU
	EndGlobalSection
	GlobalSection(ProjectConfigurationPlatforms) = postSolution
		{0262B9F3-D7BA-EBDF-DB10-A99842C0F080}.Debug|Any CPU.ActiveCfg = Debug|Any CPU
		{0262B9F3-D7BA-EBDF-DB10-A99842C0F080}.Debug|Any CPU.Build.0 = Debug|Any CPU
		{0262B9F3-D7BA-EBDF-DB10-A99842C0F080}.Release|Any CPU.ActiveCfg = Release|Any CPU
		{0262B9F3-D7BA-EBDF-DB10-A99842C0F080}.Release|Any CPU.Build.0 = Release|Any CPU
		{040FC0E6-D53F-426F-6A9D-58774F7C6E6D}.Debug|Any CPU.ActiveCfg = Debug|Any CPU
		{040FC0E6-D53F-426F-6A9D-58774F7C6E6D}.Debug|Any CPU.Build.0 = Debug|Any CPU
		{040FC0E6-D53F-426F-6A9D-58774F7C6E6D}.Release|Any CPU.ActiveCfg = Release|Any CPU
		{040FC0E6-D53F-426F-6A9D-58774F7C6E6D}.Release|Any CPU.Build.0 = Release|Any CPU
		{75894BEF-AC0F-4289-AABC-F28803C248D7}.Debug|Any CPU.ActiveCfg = Debug|Any CPU
		{75894BEF-AC0F-4289-AABC-F28803C248D7}.Debug|Any CPU.Build.0 = Debug|Any CPU
		{75894BEF-AC0F-4289-AABC-F28803C248D7}.Release|Any CPU.ActiveCfg = Release|Any CPU
		{75894BEF-AC0F-4289-AABC-F28803C248D7}.Release|Any CPU.Build.0 = Release|Any CPU
		{DD984613-0AD0-ACCE-CA02-CE05290AAF0B}.Debug|Any CPU.ActiveCfg = Debug|Any CPU
		{DD984613-0AD0-ACCE-CA02-CE05290AAF0B}.Debug|Any CPU.Build.0 = Debug|Any CPU
		{DD984613-0AD0-ACCE-CA02-CE05290AAF0B}.Release|Any CPU.ActiveCfg = Release|Any CPU
		{DD984613-0AD0-ACCE-CA02-CE05290AAF0B}.Release|Any CPU.Build.0 = Release|Any CPU
		{934E88EF-582A-C94E-CE60-C1886AE5F15A}.Debug|Any CPU.ActiveCfg = Debug|Any CPU
		{934E88EF-582A-C94E-CE60-C1886AE5F15A}.Debug|Any CPU.Build.0 = Debug|Any CPU
		{934E88EF-582A-C94E-CE60-C1886AE5F15A}.Release|Any CPU.ActiveCfg = Release|Any CPU
		{934E88EF-582A-C94E-CE60-C1886AE5F15A}.Release|Any CPU.Build.0 = Release|Any CPU
	EndGlobalSection
	GlobalSection(SolutionProperties) = preSolution
		HideSolutionNode = FALSE
	EndGlobalSection
	GlobalSection(ExtensibilityGlobals) = postSolution
		SolutionGuid = {8EE43863-2A99-46BD-A827-2B89E788DEBF}
	EndGlobalSection
EndGlobal
